
Microsoft Visual Studio Solution File, Format Version 12.00
# Visual Studio Version 16
VisualStudioVersion = 16.0.30204.135
MinimumVisualStudioVersion = 10.0.40219.1
Project("{FAE04EC0-301F-11D3-BF4B-00C04F79EFBC}") = "Final_Ödevi", "Final_Ödevi.csproj", "{CBB106D2-7889-42F6-BCAE-C8E8309E31C5}"
EndProject
Global
	GlobalSection(SolutionConfigurationPlatforms) = preSolution
		Debug|Any CPU = Debug|Any CPU
		Release|Any CPU = Release|Any CPU
	EndGlobalSection
	GlobalSection(ProjectConfigurationPlatforms) = postSolution
		{CBB106D2-7889-42F6-BCAE-C8E8309E31C5}.Debug|Any CPU.ActiveCfg = Debug|Any CPU
		{CBB106D2-7889-42F6-BCAE-C8E8309E31C5}.Debug|Any CPU.Build.0 = Debug|Any CPU
		{CBB106D2-7889-42F6-BCAE-C8E8309E31C5}.Release|Any CPU.ActiveCfg = Release|Any CPU
		{CBB106D2-7889-42F6-BCAE-C8E8309E31C5}.Release|Any CPU.Build.0 = Release|Any CPU
	EndGlobalSection
	GlobalSection(SolutionProperties) = preSolution
		HideSolutionNode = FALSE
	EndGlobalSection
	GlobalSection(ExtensibilityGlobals) = postSolution
		SolutionGuid = {E7ED95E8-6569-4498-9D40-DBFD21B601CE}
	EndGlobalSection
EndGlobal
