github.com/go-co-op/gocron v1.12.0 h1:RahikbAIhp/wlNBraICMZfby7bdkeCXe+QQSW323Lpo=
github.com/go-co-op/gocron v1.12.0/go.mod h1:qtlsoMpHlSdIZ3E/xuZzrrAbeX3u5JtPvWf2TcdutU0=
github.com/robfig/cron/v3 v3.0.1 h1:WdRxkvbJztn8LMz/QEvLN5sBU+xKpSqwwUO1Pjr4qDs=
github.com/robfig/cron/v3 v3.0.1/go.mod h1:eQICP3HwyT7UooqI/z+Ov+PtYAWygg1TEWWzGIFLtro=
golang.org/x/sync v0.0.0-20210220032951-036812b2e83c h1:5KslGYwFpkhGh+Q16bwMP3cOontH8FOep7tGV86Y7SQ=
golang.org/x/sync v0.0.0-20210220032951-036812b2e83c/go.mod h1:RxMgew5VJxzue5/jJTE5uejpjVlOe/izrB70Jof72aM=
