github.com/davecgh/go-spew v1.1.0/go.mod h1:J7Y8YcW2NihsgmVo/mv3lAwl/skON4iLHjSsI+c5H38=
github.com/kelindar/bitmap v1.1.5 h1:cqXplFOOwJX/HRu+GZBcz03wo2LZftVUMsuAjW/3/rQ=
github.com/kelindar/bitmap v1.1.5/go.mod h1:URwjvM6WXldcKN7/D3FLHy0LSkEdg3rE7VjdN1DcI9E=
github.com/kelindar/column v0.0.0-20220116152415-02b2c664dc26 h1:RdJCpVGNr2yeSYNLNdNhW9t5MGZnGZqygEvjNqKhP9c=
github.com/kelindar/column v0.0.0-20220116152415-02b2c664dc26/go.mod h1:ZvCFZoMiQJTSfb7ZaVGvu0DzJGQzBf8+nwpBx4ZqoA0=
github.com/kelindar/intmap v1.1.0 h1:S+YEDvw5FQus5UJDEG+xsLp8il3BTYqBMkkuVVZPMH8=
github.com/kelindar/intmap v1.1.0/go.mod h1:tDanawPWq1B0HC+X3W8Z6IKNrJqxjruy6CdyTlf6Nic=
github.com/kelindar/iostream v1.3.0 h1:Bz2qQabipZlF1XCk64bnxsGLete+iHtayGPeWVpbwbo=
github.com/kelindar/iostream v1.3.0/go.mod h1:MkjMuVb6zGdPQVdwLnFRO0xOTOdDvBWTztFmjRDQkXk=
github.com/kelindar/smutex v1.0.0 h1:+LIZYwPz+v3IWPOse764fNaVQGMVxKV6mbD6OWjQV3o=
github.com/kelindar/smutex v1.0.0/go.mod h1:nMbCZeAHWCsY9Kt4JqX7ETd+NJeR6Swy9im+Th+qUZQ=
github.com/klauspost/compress v1.13.6 h1:P76CopJELS0TiO2mebmnzgWaajssP/EszplttgQxcgc=
github.com/klauspost/compress v1.13.6/go.mod h1:/3/Vjq9QcHkK5uEr5lBEmyoZ1iFhe47etQ6QUkpK6sk=
github.com/klauspost/cpuid/v2 v2.0.9 h1:lgaqFMSdTdQYdZ04uHyN2d/eKdOMyi2YLSvlQIBFYa4=
github.com/klauspost/cpuid/v2 v2.0.9/go.mod h1:FInQzS24/EEf25PyTYn52gqo7WaD8xa0213Md/qVLRg=
github.com/pmezard/go-difflib v1.0.0/go.mod h1:iKH77koFhYxTK1pcRnkKkqfTogsbg7gZNVY4sRDYZ/4=
github.com/stretchr/objx v0.1.0/go.mod h1:HFkY916IF+rwdDfMAkV7OtwuqBVzrE8GR6GFx+wExME=
github.com/stretchr/testify v1.7.0/go.mod h1:6Fq8oRcR53rry900zMqJjRRixrwX3KX962/h/Wwjteg=
github.com/zeebo/xxh3 v1.0.1 h1:FMSRIbkrLikb/0hZxmltpg84VkqDAT5M8ufXynuhXsI=
github.com/zeebo/xxh3 v1.0.1/go.mod h1:8VHV24/3AZLn3b6Mlp/KuC33LWH687Wq6EnziEB+rsA=
gopkg.in/check.v1 v0.0.0-20161208181325-20d25e280405/go.mod h1:Co6ibVJAznAaIkqp8huTwlJQCZ016jof/cbN4VW5Yz0=
gopkg.in/yaml.v3 v3.0.0-20200313102051-9f266ea9e77c/go.mod h1:K4uyk7z7BCEPqu6E+C64Yfv1cQ7kz7rIZviUmN+EgEM=
