
Microsoft Visual Studio Solution File, Format Version 12.00
# Visual Studio Version 16
VisualStudioVersion = 16.0.30225.117
MinimumVisualStudioVersion = 10.0.40219.1
Project("{FAE04EC0-301F-11D3-BF4B-00C04F79EFBC}") = "FibonacciSeries", "FibonacciSeries.csproj", "{4E4CA4A2-8700-4C8A-A3E7-AA1B175541DA}"
EndProject
Global
	GlobalSection(SolutionConfigurationPlatforms) = preSolution
		Debug|Any CPU = Debug|Any CPU
		Release|Any CPU = Release|Any CPU
	EndGlobalSection
	GlobalSection(ProjectConfigurationPlatforms) = postSolution
		{4E4CA4A2-8700-4C8A-A3E7-AA1B175541DA}.Debug|Any CPU.ActiveCfg = Debug|Any CPU
		{4E4CA4A2-8700-4C8A-A3E7-AA1B175541DA}.Debug|Any CPU.Build.0 = Debug|Any CPU
		{4E4CA4A2-8700-4C8A-A3E7-AA1B175541DA}.Release|Any CPU.ActiveCfg = Release|Any CPU
		{4E4CA4A2-8700-4C8A-A3E7-AA1B175541DA}.Release|Any CPU.Build.0 = Release|Any CPU
	EndGlobalSection
	GlobalSection(SolutionProperties) = preSolution
		HideSolutionNode = FALSE
	EndGlobalSection
	GlobalSection(ExtensibilityGlobals) = postSolution
		SolutionGuid = {3677AF11-5310-4F82-BC8D-C8CDD678B145}
	EndGlobalSection
EndGlobal
